
Microsoft Visual Studio Solution File, Format Version 12.00
# Visual Studio Version 17
VisualStudioVersion = 17.7.34031.279
MinimumVisualStudioVersion = 10.0.40219.1
Project("{FAE04EC0-301F-11D3-BF4B-00C04F79EFBC}") = "Lesson1", "Lesson1\Lesson1.csproj", "{CC0B8997-9D26-44FA-A018-96786C0A72A9}"
EndProject
Project("{2150E333-8FDC-42A3-9474-1A3956D46DE8}") = "Solution Items", "Solution Items", "{44CCC9A5-8128-45CF-B4B0-D0B8BC6129D6}"
	ProjectSection(SolutionItems) = preProject
		Задание.txt = Задание.txt
		Понятия.txt = Понятия.txt
	EndProjectSection
EndProject
Global
	GlobalSection(SolutionConfigurationPlatforms) = preSolution
		Debug|Any CPU = Debug|Any CPU
		Release|Any CPU = Release|Any CPU
	EndGlobalSection
	GlobalSection(ProjectConfigurationPlatforms) = postSolution
		{CC0B8997-9D26-44FA-A018-96786C0A72A9}.Debug|Any CPU.ActiveCfg = Debug|Any CPU
		{CC0B8997-9D26-44FA-A018-96786C0A72A9}.Debug|Any CPU.Build.0 = Debug|Any CPU
		{CC0B8997-9D26-44FA-A018-96786C0A72A9}.Release|Any CPU.ActiveCfg = Release|Any CPU
		{CC0B8997-9D26-44FA-A018-96786C0A72A9}.Release|Any CPU.Build.0 = Release|Any CPU
	EndGlobalSection
	GlobalSection(SolutionProperties) = preSolution
		HideSolutionNode = FALSE
	EndGlobalSection
	GlobalSection(ExtensibilityGlobals) = postSolution
		SolutionGuid = {7BDAADCA-1698-418B-9835-46B17B44DAE3}
	EndGlobalSection
EndGlobal
